
Microsoft Visual Studio Solution File, Format Version 12.00
# Visual Studio Version 17
VisualStudioVersion = 17.8.34322.80
MinimumVisualStudioVersion = 10.0.40219.1
Project("{9A19103F-16F7-4668-BE54-9A1E7A4F7556}") = "assignment2", "assignment2.csproj", "{5E5702D3-8929-4B06-9888-B4FD01F26EA5}"
EndProject
Project("{9A19103F-16F7-4668-BE54-9A1E7A4F7556}") = "assignment3_depi", "..\assignment3_depi\assignment3_depi.csproj", "{A4646441-4D89-4584-800F-64F0E0B3D94D}"
EndProject
Project("{FAE04EC0-301F-11D3-BF4B-00C04F79EFBC}") = "assignment4_depi", "..\assignment4_depi\assignment4_depi.csproj", "{805E02C3-FC08-45C8-965D-B32DB67960F1}"
EndProject
Project("{FAE04EC0-301F-11D3-BF4B-00C04F79EFBC}") = "assignment5_depi", "..\assignment5_depi\assignment5_depi.csproj", "{443A3DBB-565D-428E-824A-E657BF5EB767}"
EndProject
Project("{FAE04EC0-301F-11D3-BF4B-00C04F79EFBC}") = "exam2_depi", "..\exam2_depi\exam2_depi.csproj", "{CAD771E7-2F65-49C5-B9C1-B745A7D7EF07}"
EndProject
Project("{FAE04EC0-301F-11D3-BF4B-00C04F79EFBC}") = "assignment6_depi", "..\assignment6_depi\assignment6_depi.csproj", "{29736BAC-81BA-4CBD-8740-22C484F2851E}"
EndProject
Global
	GlobalSection(SolutionConfigurationPlatforms) = preSolution
		Debug|Any CPU = Debug|Any CPU
		Release|Any CPU = Release|Any CPU
	EndGlobalSection
	GlobalSection(ProjectConfigurationPlatforms) = postSolution
		{5E5702D3-8929-4B06-9888-B4FD01F26EA5}.Debug|Any CPU.ActiveCfg = Debug|Any CPU
		{5E5702D3-8929-4B06-9888-B4FD01F26EA5}.Debug|Any CPU.Build.0 = Debug|Any CPU
		{5E5702D3-8929-4B06-9888-B4FD01F26EA5}.Release|Any CPU.ActiveCfg = Release|Any CPU
		{5E5702D3-8929-4B06-9888-B4FD01F26EA5}.Release|Any CPU.Build.0 = Release|Any CPU
		{A4646441-4D89-4584-800F-64F0E0B3D94D}.Debug|Any CPU.ActiveCfg = Debug|Any CPU
		{A4646441-4D89-4584-800F-64F0E0B3D94D}.Debug|Any CPU.Build.0 = Debug|Any CPU
		{A4646441-4D89-4584-800F-64F0E0B3D94D}.Release|Any CPU.ActiveCfg = Release|Any CPU
		{A4646441-4D89-4584-800F-64F0E0B3D94D}.Release|Any CPU.Build.0 = Release|Any CPU
		{805E02C3-FC08-45C8-965D-B32DB67960F1}.Debug|Any CPU.ActiveCfg = Debug|Any CPU
		{805E02C3-FC08-45C8-965D-B32DB67960F1}.Debug|Any CPU.Build.0 = Debug|Any CPU
		{805E02C3-FC08-45C8-965D-B32DB67960F1}.Release|Any CPU.ActiveCfg = Release|Any CPU
		{805E02C3-FC08-45C8-965D-B32DB67960F1}.Release|Any CPU.Build.0 = Release|Any CPU
		{443A3DBB-565D-428E-824A-E657BF5EB767}.Debug|Any CPU.ActiveCfg = Debug|Any CPU
		{443A3DBB-565D-428E-824A-E657BF5EB767}.Debug|Any CPU.Build.0 = Debug|Any CPU
		{443A3DBB-565D-428E-824A-E657BF5EB767}.Release|Any CPU.ActiveCfg = Release|Any CPU
		{443A3DBB-565D-428E-824A-E657BF5EB767}.Release|Any CPU.Build.0 = Release|Any CPU
		{CAD771E7-2F65-49C5-B9C1-B745A7D7EF07}.Debug|Any CPU.ActiveCfg = Debug|Any CPU
		{CAD771E7-2F65-49C5-B9C1-B745A7D7EF07}.Debug|Any CPU.Build.0 = Debug|Any CPU
		{CAD771E7-2F65-49C5-B9C1-B745A7D7EF07}.Release|Any CPU.ActiveCfg = Release|Any CPU
		{CAD771E7-2F65-49C5-B9C1-B745A7D7EF07}.Release|Any CPU.Build.0 = Release|Any CPU
		{29736BAC-81BA-4CBD-8740-22C484F2851E}.Debug|Any CPU.ActiveCfg = Debug|Any CPU
		{29736BAC-81BA-4CBD-8740-22C484F2851E}.Debug|Any CPU.Build.0 = Debug|Any CPU
		{29736BAC-81BA-4CBD-8740-22C484F2851E}.Release|Any CPU.ActiveCfg = Release|Any CPU
		{29736BAC-81BA-4CBD-8740-22C484F2851E}.Release|Any CPU.Build.0 = Release|Any CPU
	EndGlobalSection
	GlobalSection(SolutionProperties) = preSolution
		HideSolutionNode = FALSE
	EndGlobalSection
	GlobalSection(ExtensibilityGlobals) = postSolution
		SolutionGuid = {140EFC2A-797E-46FB-9735-00F50537CBF8}
	EndGlobalSection
EndGlobal
